// !$*UTF8*$!
{
	archiveVersion = 1;
	classes = {
	};
	objectVersion = 46;
	objects = {

/* Begin PBXBuildFile section */
		5687A5CB1C33BCB300856C85 /* main.m in Sources */ = {isa = PBXBuildFile; fileRef = 5687A5CA1C33BCB300856C85 /* main.m */; };
		5687A5CE1C33BCB300856C85 /* AppDelegate.m in Sources */ = {isa = PBXBuildFile; fileRef = 5687A5CD1C33BCB300856C85 /* AppDelegate.m */; };
		5687A5D11C33BCB300856C85 /* ViewController.m in Sources */ = {isa = PBXBuildFile; fileRef = 5687A5D01C33BCB300856C85 /* ViewController.m */; };
		5687A5D41C33BCB300856C85 /* Main.storyboard in Resources */ = {isa = PBXBuildFile; fileRef = 5687A5D21C33BCB300856C85 /* Main.storyboard */; };
		5687A5D61C33BCB300856C85 /* Assets.xcassets in Resources */ = {isa = PBXBuildFile; fileRef = 5687A5D51C33BCB300856C85 /* Assets.xcassets */; };
		5687A5D91C33BCB300856C85 /* LaunchScreen.storyboard in Resources */ = {isa = PBXBuildFile; fileRef = 5687A5D71C33BCB300856C85 /* LaunchScreen.storyboard */; };
		5687A5E41C33BCB300856C85 /* CALayer______Tests.m in Sources */ = {isa = PBXBuildFile; fileRef = 5687A5E31C33BCB300856C85 /* CALayer______Tests.m */; };
		5687A5EF1C33BCB300856C85 /* CALayer______UITests.m in Sources */ = {isa = PBXBuildFile; fileRef = 5687A5EE1C33BCB300856C85 /* CALayer______UITests.m */; };
		5687A5FF1C33BCBE00856C85 /* maskLayerContents@2x.png in Resources */ = {isa = PBXBuildFile; fileRef = 5687A5FD1C33BCBE00856C85 /* maskLayerContents@2x.png */; };
		5687A6001C33BCBE00856C85 /* 原始图片@2x.png in Resources */ = {isa = PBXBuildFile; fileRef = 5687A5FE1C33BCBE00856C85 /* 原始图片@2x.png */; };
/* End PBXBuildFile section */

/* Begin PBXContainerItemProxy section */
		5687A5E01C33BCB300856C85 /* PBXContainerItemProxy */ = {
			isa = PBXContainerItemProxy;
			containerPortal = 5687A5BE1C33BCB300856C85 /* Project object */;
			proxyType = 1;
			remoteGlobalIDString = 5687A5C51C33BCB300856C85;
			remoteInfo = "CALayer实现遮罩效果";
		};
		5687A5EB1C33BCB300856C85 /* PBXContainerItemProxy */ = {
			isa = PBXContainerItemProxy;
			containerPortal = 5687A5BE1C33BCB300856C85 /* Project object */;
			proxyType = 1;
			remoteGlobalIDString = 5687A5C51C33BCB300856C85;
			remoteInfo = "CALayer实现遮罩效果";
		};
/* End PBXContainerItemProxy section */

/* Begin PBXFileReference section */
		5687A5C61C33BCB300856C85 /* CALayer实现遮罩效果.app */ = {isa = PBXFileReference; explicitFileType = wrapper.application; includeInIndex = 0; path = "CALayer实现遮罩效果.app"; sourceTree = BUILT_PRODUCTS_DIR; };
		5687A5CA1C33BCB300856C85 /* main.m */ = {isa = PBXFileReference; lastKnownFileType = sourcecode.c.objc; path = main.m; sourceTree = "<group>"; };
		5687A5CC1C33BCB300856C85 /* AppDelegate.h */ = {isa = PBXFileReference; lastKnownFileType = sourcecode.c.h; path = AppDelegate.h; sourceTree = "<group>"; };
		5687A5CD1C33BCB300856C85 /* AppDelegate.m */ = {isa = PBXFileReference; lastKnownFileType = sourcecode.c.objc; path = AppDelegate.m; sourceTree = "<group>"; };
		5687A5CF1C33BCB300856C85 /* ViewController.h */ = {isa = PBXFileReference; lastKnownFileType = sourcecode.c.h; path = ViewController.h; sourceTree = "<group>"; };
		5687A5D01C33BCB300856C85 /* ViewController.m */ = {isa = PBXFileReference; lastKnownFileType = sourcecode.c.objc; path = ViewController.m; sourceTree = "<group>"; };
		5687A5D31C33BCB300856C85 /* Base */ = {isa = PBXFileReference; lastKnownFileType = file.storyboard; name = Base; path = Base.lproj/Main.storyboard; sourceTree = "<group>"; };
		5687A5D51C33BCB300856C85 /* Assets.xcassets */ = {isa = PBXFileReference; lastKnownFileType = folder.assetcatalog; path = Assets.xcassets; sourceTree = "<group>"; };
		5687A5D81C33BCB300856C85 /* Base */ = {isa = PBXFileReference; lastKnownFileType = file.storyboard; name = Base; path = Base.lproj/LaunchScreen.storyboard; sourceTree = "<group>"; };
		5687A5DA1C33BCB300856C85 /* Info.plist */ = {isa = PBXFileReference; lastKnownFileType = text.plist.xml; path = Info.plist; sourceTree = "<group>"; };
		5687A5DF1C33BCB300856C85 /* CALayer实现遮罩效果Tests.xctest */ = {isa = PBXFileReference; explicitFileType = wrapper.cfbundle; includeInIndex = 0; path = "CALayer实现遮罩效果Tests.xctest"; sourceTree = BUILT_PRODUCTS_DIR; };
		5687A5E31C33BCB300856C85 /* CALayer______Tests.m */ = {isa = PBXFileReference; lastKnownFileType = sourcecode.c.objc; path = "CALayer______Tests.m"; sourceTree = "<group>"; };
		5687A5E51C33BCB300856C85 /* Info.plist */ = {isa = PBXFileReference; lastKnownFileType = text.plist.xml; path = Info.plist; sourceTree = "<group>"; };
		5687A5EA1C33BCB300856C85 /* CALayer实现遮罩效果UITests.xctest */ = {isa = PBXFileReference; explicitFileType = wrapper.cfbundle; includeInIndex = 0; path = "CALayer实现遮罩效果UITests.xctest"; sourceTree = BUILT_PRODUCTS_DIR; };
		5687A5EE1C33BCB300856C85 /* CALayer______UITests.m */ = {isa = PBXFileReference; lastKnownFileType = sourcecode.c.objc; path = "CALayer______UITests.m"; sourceTree = "<group>"; };
		5687A5F01C33BCB300856C85 /* Info.plist */ = {isa = PBXFileReference; lastKnownFileType = text.plist.xml; path = Info.plist; sourceTree = "<group>"; };
		5687A5FD1C33BCBE00856C85 /* maskLayerContents@2x.png */ = {isa = PBXFileReference; lastKnownFileType = image.png; path = "maskLayerContents@2x.png"; sourceTree = "<group>"; };
		5687A5FE1C33BCBE00856C85 /* 原始图片@2x.png */ = {isa = PBXFileReference; lastKnownFileType = image.png; path = "原始图片@2x.png"; sourceTree = "<group>"; };
/* End PBXFileReference section */

/* Begin PBXFrameworksBuildPhase section */
		5687A5C31C33BCB300856C85 /* Frameworks */ = {
			isa = PBXFrameworksBuildPhase;
			buildActionMask = 2147483647;
			files = (
			);
			runOnlyForDeploymentPostprocessing = 0;
		};
		5687A5DC1C33BCB300856C85 /* Frameworks */ = {
			isa = PBXFrameworksBuildPhase;
			buildActionMask = 2147483647;
			files = (
			);
			runOnlyForDeploymentPostprocessing = 0;
		};
		5687A5E71C33BCB300856C85 /* Frameworks */ = {
			isa = PBXFrameworksBuildPhase;
			buildActionMask = 2147483647;
			files = (
			);
			runOnlyForDeploymentPostprocessing = 0;
		};
/* End PBXFrameworksBuildPhase section */

/* Begin PBXGroup section */
		5687A5BD1C33BCB300856C85 = {
			isa = PBXGroup;
			children = (
				5687A5C81C33BCB300856C85 /* CALayer实现遮罩效果 */,
				5687A5E21C33BCB300856C85 /* CALayer实现遮罩效果Tests */,
				5687A5ED1C33BCB300856C85 /* CALayer实现遮罩效果UITests */,
				5687A5C71C33BCB300856C85 /* Products */,
			);
			sourceTree = "<group>";
		};
		5687A5C71C33BCB300856C85 /* Products */ = {
			isa = PBXGroup;
			children = (
				5687A5C61C33BCB300856C85 /* CALayer实现遮罩效果.app */,
				5687A5DF1C33BCB300856C85 /* CALayer实现遮罩效果Tests.xctest */,
				5687A5EA1C33BCB300856C85 /* CALayer实现遮罩效果UITests.xctest */,
			);
			name = Products;
			sourceTree = "<group>";
		};
		5687A5C81C33BCB300856C85 /* CALayer实现遮罩效果 */ = {
			isa = PBXGroup;
			children = (
				5687A5FC1C33BCBE00856C85 /* 素材 */,
				5687A5CC1C33BCB300856C85 /* AppDelegate.h */,
				5687A5CD1C33BCB300856C85 /* AppDelegate.m */,
				5687A5CF1C33BCB300856C85 /* ViewController.h */,
				5687A5D01C33BCB300856C85 /* ViewController.m */,
				5687A5D21C33BCB300856C85 /* Main.storyboard */,
				5687A5D51C33BCB300856C85 /* Assets.xcassets */,
				5687A5D71C33BCB300856C85 /* LaunchScreen.storyboard */,
				5687A5DA1C33BCB300856C85 /* Info.plist */,
				5687A5C91C33BCB300856C85 /* Supporting Files */,
			);
			path = "CALayer实现遮罩效果";
			sourceTree = "<group>";
		};
		5687A5C91C33BCB300856C85 /* Supporting Files */ = {
			isa = PBXGroup;
			children = (
				5687A5CA1C33BCB300856C85 /* main.m */,
			);
			name = "Supporting Files";
			sourceTree = "<group>";
		};
		5687A5E21C33BCB300856C85 /* CALayer实现遮罩效果Tests */ = {
			isa = PBXGroup;
			children = (
				5687A5E31C33BCB300856C85 /* CALayer______Tests.m */,
				5687A5E51C33BCB300856C85 /* Info.plist */,
			);
			path = "CALayer实现遮罩效果Tests";
			sourceTree = "<group>";
		};
		5687A5ED1C33BCB300856C85 /* CALayer实现遮罩效果UITests */ = {
			isa = PBXGroup;
			children = (
				5687A5EE1C33BCB300856C85 /* CALayer______UITests.m */,
				5687A5F01C33BCB300856C85 /* Info.plist */,
			);
			path = "CALayer实现遮罩效果UITests";
			sourceTree = "<group>";
		};
		5687A5FC1C33BCBE00856C85 /* 素材 */ = {
			isa = PBXGroup;
			children = (
				5687A5FD1C33BCBE00856C85 /* maskLayerContents@2x.png */,
				5687A5FE1C33BCBE00856C85 /* 原始图片@2x.png */,
			);
			path = "素材";
			sourceTree = "<group>";
		};
/* End PBXGroup section */

/* Begin PBXNativeTarget section */
		5687A5C51C33BCB300856C85 /* CALayer实现遮罩效果 */ = {
			isa = PBXNativeTarget;
			buildConfigurationList = 5687A5F31C33BCB300856C85 /* Build configuration list for PBXNativeTarget "CALayer实现遮罩效果" */;
			buildPhases = (
				5687A5C21C33BCB300856C85 /* Sources */,
				5687A5C31C33BCB300856C85 /* Frameworks */,
				5687A5C41C33BCB300856C85 /* Resources */,
			);
			buildRules = (
			);
			dependencies = (
			);
			name = "CALayer实现遮罩效果";
			productName = "CALayer实现遮罩效果";
			productReference = 5687A5C61C33BCB300856C85 /* CALayer实现遮罩效果.app */;
			productType = "com.apple.product-type.application";
		};
		5687A5DE1C33BCB300856C85 /* CALayer实现遮罩效果Tests */ = {
			isa = PBXNativeTarget;
			buildConfigurationList = 5687A5F61C33BCB300856C85 /* Build configuration list for PBXNativeTarget "CALayer实现遮罩效果Tests" */;
			buildPhases = (
				5687A5DB1C33BCB300856C85 /* Sources */,
				5687A5DC1C33BCB300856C85 /* Frameworks */,
				5687A5DD1C33BCB300856C85 /* Resources */,
			);
			buildRules = (
			);
			dependencies = (
				5687A5E11C33BCB300856C85 /* PBXTargetDependency */,
			);
			name = "CALayer实现遮罩效果Tests";
			productName = "CALayer实现遮罩效果Tests";
			productReference = 5687A5DF1C33BCB300856C85 /* CALayer实现遮罩效果Tests.xctest */;
			productType = "com.apple.product-type.bundle.unit-test";
		};
		5687A5E91C33BCB300856C85 /* CALayer实现遮罩效果UITests */ = {
			isa = PBXNativeTarget;
			buildConfigurationList = 5687A5F91C33BCB300856C85 /* Build configuration list for PBXNativeTarget "CALayer实现遮罩效果UITests" */;
			buildPhases = (
				5687A5E61C33BCB300856C85 /* Sources */,
				5687A5E71C33BCB300856C85 /* Frameworks */,
				5687A5E81C33BCB300856C85 /* Resources */,
			);
			buildRules = (
			);
			dependencies = (
				5687A5EC1C33BCB300856C85 /* PBXTargetDependency */,
			);
			name = "CALayer实现遮罩效果UITests";
			productName = "CALayer实现遮罩效果UITests";
			productReference = 5687A5EA1C33BCB300856C85 /* CALayer实现遮罩效果UITests.xctest */;
			productType = "com.apple.product-type.bundle.ui-testing";
		};
/* End PBXNativeTarget section */

/* Begin PBXProject section */
		5687A5BE1C33BCB300856C85 /* Project object */ = {
			isa = PBXProject;
			attributes = {
				LastUpgradeCheck = 0720;
				ORGANIZATIONNAME = Massimo;
				TargetAttributes = {
					5687A5C51C33BCB300856C85 = {
						CreatedOnToolsVersion = 7.2;
					};
					5687A5DE1C33BCB300856C85 = {
						CreatedOnToolsVersion = 7.2;
						TestTargetID = 5687A5C51C33BCB300856C85;
					};
					5687A5E91C33BCB300856C85 = {
						CreatedOnToolsVersion = 7.2;
						TestTargetID = 5687A5C51C33BCB300856C85;
					};
				};
			};
			buildConfigurationList = 5687A5C11C33BCB300856C85 /* Build configuration list for PBXProject "CALayer实现遮罩效果" */;
			compatibilityVersion = "Xcode 3.2";
			developmentRegion = English;
			hasScannedForEncodings = 0;
			knownRegions = (
				en,
				Base,
			);
			mainGroup = 5687A5BD1C33BCB300856C85;
			productRefGroup = 5687A5C71C33BCB300856C85 /* Products */;
			projectDirPath = "";
			projectRoot = "";
			targets = (
				5687A5C51C33BCB300856C85 /* CALayer实现遮罩效果 */,
				5687A5DE1C33BCB300856C85 /* CALayer实现遮罩效果Tests */,
				5687A5E91C33BCB300856C85 /* CALayer实现遮罩效果UITests */,
			);
		};
/* End PBXProject section */

/* Begin PBXResourcesBuildPhase section */
		5687A5C41C33BCB300856C85 /* Resources */ = {
			isa = PBXResourcesBuildPhase;
			buildActionMask = 2147483647;
			files = (
				5687A5FF1C33BCBE00856C85 /* maskLayerContents@2x.png in Resources */,
				5687A6001C33BCBE00856C85 /* 原始图片@2x.png in Resources */,
				5687A5D91C33BCB300856C85 /* LaunchScreen.storyboard in Resources */,
				5687A5D61C33BCB300856C85 /* Assets.xcassets in Resources */,
				5687A5D41C33BCB300856C85 /* Main.storyboard in Resources */,
			);
			runOnlyForDeploymentPostprocessing = 0;
		};
		5687A5DD1C33BCB300856C85 /* Resources */ = {
			isa = PBXResourcesBuildPhase;
			buildActionMask = 2147483647;
			files = (
			);
			runOnlyForDeploymentPostprocessing = 0;
		};
		5687A5E81C33BCB300856C85 /* Resources */ = {
			isa = PBXResourcesBuildPhase;
			buildActionMask = 2147483647;
			files = (
			);
			runOnlyForDeploymentPostprocessing = 0;
		};
/* End PBXResourcesBuildPhase section */

/* Begin PBXSourcesBuildPhase section */
		5687A5C21C33BCB300856C85 /* Sources */ = {
			isa = PBXSourcesBuildPhase;
			buildActionMask = 2147483647;
			files = (
				5687A5D11C33BCB300856C85 /* ViewController.m in Sources */,
				5687A5CE1C33BCB300856C85 /* AppDelegate.m in Sources */,
				5687A5CB1C33BCB300856C85 /* main.m in Sources */,
			);
			runOnlyForDeploymentPostprocessing = 0;
		};
		5687A5DB1C33BCB300856C85 /* Sources */ = {
			isa = PBXSourcesBuildPhase;
			buildActionMask = 2147483647;
			files = (
				5687A5E41C33BCB300856C85 /* CALayer______Tests.m in Sources */,
			);
			runOnlyForDeploymentPostprocessing = 0;
		};
		5687A5E61C33BCB300856C85 /* Sources */ = {
			isa = PBXSourcesBuildPhase;
			buildActionMask = 2147483647;
			files = (
				5687A5EF1C33BCB300856C85 /* CALayer______UITests.m in Sources */,
			);
			runOnlyForDeploymentPostprocessing = 0;
		};
/* End PBXSourcesBuildPhase section */

/* Begin PBXTargetDependency section */
		5687A5E11C33BCB300856C85 /* PBXTargetDependency */ = {
			isa = PBXTargetDependency;
			target = 5687A5C51C33BCB300856C85 /* CALayer实现遮罩效果 */;
			targetProxy = 5687A5E01C33BCB300856C85 /* PBXContainerItemProxy */;
		};
		5687A5EC1C33BCB300856C85 /* PBXTargetDependency */ = {
			isa = PBXTargetDependency;
			target = 5687A5C51C33BCB300856C85 /* CALayer实现遮罩效果 */;
			targetProxy = 5687A5EB1C33BCB300856C85 /* PBXContainerItemProxy */;
		};
/* End PBXTargetDependency section */

/* Begin PBXVariantGroup section */
		5687A5D21C33BCB300856C85 /* Main.storyboard */ = {
			isa = PBXVariantGroup;
			children = (
				5687A5D31C33BCB300856C85 /* Base */,
			);
			name = Main.storyboard;
			sourceTree = "<group>";
		};
		5687A5D71C33BCB300856C85 /* LaunchScreen.storyboard */ = {
			isa = PBXVariantGroup;
			children = (
				5687A5D81C33BCB300856C85 /* Base */,
			);
			name = LaunchScreen.storyboard;
			sourceTree = "<group>";
		};
/* End PBXVariantGroup section */

/* Begin XCBuildConfiguration section */
		5687A5F11C33BCB300856C85 /* Debug */ = {
			isa = XCBuildConfiguration;
			buildSettings = {
				ALWAYS_SEARCH_USER_PATHS = NO;
				CLANG_CXX_LANGUAGE_STANDARD = "gnu++0x";
				CLANG_CXX_LIBRARY = "libc++";
				CLANG_ENABLE_MODULES = YES;
				CLANG_ENABLE_OBJC_ARC = YES;
				CLANG_WARN_BOOL_CONVERSION = YES;
				CLANG_WARN_CONSTANT_CONVERSION = YES;
				CLANG_WARN_DIRECT_OBJC_ISA_USAGE = YES_ERROR;
				CLANG_WARN_EMPTY_BODY = YES;
				CLANG_WARN_ENUM_CONVERSION = YES;
				CLANG_WARN_INT_CONVERSION = YES;
				CLANG_WARN_OBJC_ROOT_CLASS = YES_ERROR;
				CLANG_WARN_UNREACHABLE_CODE = YES;
				CLANG_WARN__DUPLICATE_METHOD_MATCH = YES;
				"CODE_SIGN_IDENTITY[sdk=iphoneos*]" = "iPhone Developer";
				COPY_PHASE_STRIP = NO;
				DEBUG_INFORMATION_FORMAT = dwarf;
				ENABLE_STRICT_OBJC_MSGSEND = YES;
				ENABLE_TESTABILITY = YES;
				GCC_C_LANGUAGE_STANDARD = gnu99;
				GCC_DYNAMIC_NO_PIC = NO;
				GCC_NO_COMMON_BLOCKS = YES;
				GCC_OPTIMIZATION_LEVEL = 0;
				GCC_PREPROCESSOR_DEFINITIONS = (
					"DEBUG=1",
					"$(inherited)",
				);
				GCC_WARN_64_TO_32_BIT_CONVERSION = YES;
				GCC_WARN_ABOUT_RETURN_TYPE = YES_ERROR;
				GCC_WARN_UNDECLARED_SELECTOR = YES;
				GCC_WARN_UNINITIALIZED_AUTOS = YES_AGGRESSIVE;
				GCC_WARN_UNUSED_FUNCTION = YES;
				GCC_WARN_UNUSED_VARIABLE = YES;
				IPHONEOS_DEPLOYMENT_TARGET = 9.2;
				MTL_ENABLE_DEBUG_INFO = YES;
				ONLY_ACTIVE_ARCH = YES;
				SDKROOT = iphoneos;
			};
			name = Debug;
		};
		5687A5F21C33BCB300856C85 /* Release */ = {
			isa = XCBuildConfiguration;
			buildSettings = {
				ALWAYS_SEARCH_USER_PATHS = NO;
				CLANG_CXX_LANGUAGE_STANDARD = "gnu++0x";
				CLANG_CXX_LIBRARY = "libc++";
				CLANG_ENABLE_MODULES = YES;
				CLANG_ENABLE_OBJC_ARC = YES;
				CLANG_WARN_BOOL_CONVERSION = YES;
				CLANG_WARN_CONSTANT_CONVERSION = YES;
				CLANG_WARN_DIRECT_OBJC_ISA_USAGE = YES_ERROR;
				CLANG_WARN_EMPTY_BODY = YES;
				CLANG_WARN_ENUM_CONVERSION = YES;
				CLANG_WARN_INT_CONVERSION = YES;
				CLANG_WARN_OBJC_ROOT_CLASS = YES_ERROR;
				CLANG_WARN_UNREACHABLE_CODE = YES;
				CLANG_WARN__DUPLICATE_METHOD_MATCH = YES;
				"CODE_SIGN_IDENTITY[sdk=iphoneos*]" = "iPhone Developer";
				COPY_PHASE_STRIP = NO;
				DEBUG_INFORMATION_FORMAT = "dwarf-with-dsym";
				ENABLE_NS_ASSERTIONS = NO;
				ENABLE_STRICT_OBJC_MSGSEND = YES;
				GCC_C_LANGUAGE_STANDARD = gnu99;
				GCC_NO_COMMON_BLOCKS = YES;
				GCC_WARN_64_TO_32_BIT_CONVERSION = YES;
				GCC_WARN_ABOUT_RETURN_TYPE = YES_ERROR;
				GCC_WARN_UNDECLARED_SELECTOR = YES;
				GCC_WARN_UNINITIALIZED_AUTOS = YES_AGGRESSIVE;
				GCC_WARN_UNUSED_FUNCTION = YES;
				GCC_WARN_UNUSED_VARIABLE = YES;
				IPHONEOS_DEPLOYMENT_TARGET = 9.2;
				MTL_ENABLE_DEBUG_INFO = NO;
				SDKROOT = iphoneos;
				VALIDATE_PRODUCT = YES;
			};
			name = Release;
		};
		5687A5F41C33BCB300856C85 /* Debug */ = {
			isa = XCBuildConfiguration;
			buildSettings = {
				ASSETCATALOG_COMPILER_APPICON_NAME = AppIcon;
				INFOPLIST_FILE = "CALayer实现遮罩效果/Info.plist";
				LD_RUNPATH_SEARCH_PATHS = "$(inherited) @executable_path/Frameworks";
				PRODUCT_BUNDLE_IDENTIFIER = "Massimo.CALayer------";
				PRODUCT_NAME = "$(TARGET_NAME)";
			};
			name = Debug;
		};
		5687A5F51C33BCB300856C85 /* Release */ = {
			isa = XCBuildConfiguration;
			buildSettings = {
				ASSETCATALOG_COMPILER_APPICON_NAME = AppIcon;
				INFOPLIST_FILE = "CALayer实现遮罩效果/Info.plist";
				LD_RUNPATH_SEARCH_PATHS = "$(inherited) @executable_path/Frameworks";
				PRODUCT_BUNDLE_IDENTIFIER = "Massimo.CALayer------";
				PRODUCT_NAME = "$(TARGET_NAME)";
			};
			name = Release;
		};
		5687A5F71C33BCB300856C85 /* Debug */ = {
			isa = XCBuildConfiguration;
			buildSettings = {
				BUNDLE_LOADER = "$(TEST_HOST)";
				INFOPLIST_FILE = "CALayer实现遮罩效果Tests/Info.plist";
				LD_RUNPATH_SEARCH_PATHS = "$(inherited) @executable_path/Frameworks @loader_path/Frameworks";
				PRODUCT_BUNDLE_IDENTIFIER = "Massimo.CALayer------Tests";
				PRODUCT_NAME = "$(TARGET_NAME)";
				TEST_HOST = "$(BUILT_PRODUCTS_DIR)/CALayer实现遮罩效果.app/CALayer实现遮罩效果";
			};
			name = Debug;
		};
		5687A5F81C33BCB300856C85 /* Release */ = {
			isa = XCBuildConfiguration;
			buildSettings = {
				BUNDLE_LOADER = "$(TEST_HOST)";
				INFOPLIST_FILE = "CALayer实现遮罩效果Tests/Info.plist";
				LD_RUNPATH_SEARCH_PATHS = "$(inherited) @executable_path/Frameworks @loader_path/Frameworks";
				PRODUCT_BUNDLE_IDENTIFIER = "Massimo.CALayer------Tests";
				PRODUCT_NAME = "$(TARGET_NAME)";
				TEST_HOST = "$(BUILT_PRODUCTS_DIR)/CALayer实现遮罩效果.app/CALayer实现遮罩效果";
			};
			name = Release;
		};
		5687A5FA1C33BCB300856C85 /* Debug */ = {
			isa = XCBuildConfiguration;
			buildSettings = {
				INFOPLIST_FILE = "CALayer实现遮罩效果UITests/Info.plist";
				LD_RUNPATH_SEARCH_PATHS = "$(inherited) @executable_path/Frameworks @loader_path/Frameworks";
				PRODUCT_BUNDLE_IDENTIFIER = "Massimo.CALayer------UITests";
				PRODUCT_NAME = "$(TARGET_NAME)";
				TEST_TARGET_NAME = "CALayer实现遮罩效果";
				USES_XCTRUNNER = YES;
			};
			name = Debug;
		};
		5687A5FB1C33BCB300856C85 /* Release */ = {
			isa = XCBuildConfiguration;
			buildSettings = {
				INFOPLIST_FILE = "CALayer实现遮罩效果UITests/Info.plist";
				LD_RUNPATH_SEARCH_PATHS = "$(inherited) @executable_path/Frameworks @loader_path/Frameworks";
				PRODUCT_BUNDLE_IDENTIFIER = "Massimo.CALayer------UITests";
				PRODUCT_NAME = "$(TARGET_NAME)";
				TEST_TARGET_NAME = "CALayer实现遮罩效果";
				USES_XCTRUNNER = YES;
			};
			name = Release;
		};
/* End XCBuildConfiguration section */

/* Begin XCConfigurationList section */
		5687A5C11C33BCB300856C85 /* Build configuration list for PBXProject "CALayer实现遮罩效果" */ = {
			isa = XCConfigurationList;
			buildConfigurations = (
				5687A5F11C33BCB300856C85 /* Debug */,
				5687A5F21C33BCB300856C85 /* Release */,
			);
			defaultConfigurationIsVisible = 0;
			defaultConfigurationName = Release;
		};
		5687A5F31C33BCB300856C85 /* Build configuration list for PBXNativeTarget "CALayer实现遮罩效果" */ = {
			isa = XCConfigurationList;
			buildConfigurations = (
				5687A5F41C33BCB300856C85 /* Debug */,
				5687A5F51C33BCB300856C85 /* Release */,
			);
			defaultConfigurationIsVisible = 0;
		};
		5687A5F61C33BCB300856C85 /* Build configuration list for PBXNativeTarget "CALayer实现遮罩效果Tests" */ = {
			isa = XCConfigurationList;
			buildConfigurations = (
				5687A5F71C33BCB300856C85 /* Debug */,
				5687A5F81C33BCB300856C85 /* Release */,
			);
			defaultConfigurationIsVisible = 0;
		};
		5687A5F91C33BCB300856C85 /* Build configuration list for PBXNativeTarget "CALayer实现遮罩效果UITests" */ = {
			isa = XCConfigurationList;
			buildConfigurations = (
				5687A5FA1C33BCB300856C85 /* Debug */,
				5687A5FB1C33BCB300856C85 /* Release */,
			);
			defaultConfigurationIsVisible = 0;
		};
/* End XCConfigurationList section */
	};
	rootObject = 5687A5BE1C33BCB300856C85 /* Project object */;
}
